// !$*UTF8*$!
{
	archiveVersion = 1;
	classes = {
	};
	objectVersion = 56;
	objects = {

/* Begin PBXBuildFile section */
		35F85A652BF10195000384C6 /* PasswordManagerApp.swift in Sources */ = {isa = PBXBuildFile; fileRef = 35F85A642BF10195000384C6 /* PasswordManagerApp.swift */; };
		35F85A672BF10195000384C6 /* ContentView.swift in Sources */ = {isa = PBXBuildFile; fileRef = 35F85A662BF10195000384C6 /* ContentView.swift */; };
		35F85A692BF10197000384C6 /* Assets.xcassets in Resources */ = {isa = PBXBuildFile; fileRef = 35F85A682BF10197000384C6 /* Assets.xcassets */; };
		35F85A6C2BF10197000384C6 /* Preview Assets.xcassets in Resources */ = {isa = PBXBuildFile; fileRef = 35F85A6B2BF10197000384C6 /* Preview Assets.xcassets */; };
		35F85A6E2BF10197000384C6 /* Persistence.swift in Sources */ = {isa = PBXBuildFile; fileRef = 35F85A6D2BF10197000384C6 /* Persistence.swift */; };
		35F85A712BF10197000384C6 /* PasswordManager.xcdatamodeld in Sources */ = {isa = PBXBuildFile; fileRef = 35F85A6F2BF10197000384C6 /* PasswordManager.xcdatamodeld */; };
		35F85A7B2BF10197000384C6 /* PasswordManagerTests.swift in Sources */ = {isa = PBXBuildFile; fileRef = 35F85A7A2BF10197000384C6 /* PasswordManagerTests.swift */; };
		35F85A852BF10197000384C6 /* PasswordManagerUITests.swift in Sources */ = {isa = PBXBuildFile; fileRef = 35F85A842BF10197000384C6 /* PasswordManagerUITests.swift */; };
		35F85A872BF10197000384C6 /* PasswordManagerUITestsLaunchTests.swift in Sources */ = {isa = PBXBuildFile; fileRef = 35F85A862BF10197000384C6 /* PasswordManagerUITestsLaunchTests.swift */; };
/* End PBXBuildFile section */

/* Begin PBXContainerItemProxy section */
		35F85A772BF10197000384C6 /* PBXContainerItemProxy */ = {
			isa = PBXContainerItemProxy;
			containerPortal = 35F85A592BF10195000384C6 /* Project object */;
			proxyType = 1;
			remoteGlobalIDString = 35F85A602BF10195000384C6;
			remoteInfo = PasswordManager;
		};
		35F85A812BF10197000384C6 /* PBXContainerItemProxy */ = {
			isa = PBXContainerItemProxy;
			containerPortal = 35F85A592BF10195000384C6 /* Project object */;
			proxyType = 1;
			remoteGlobalIDString = 35F85A602BF10195000384C6;
			remoteInfo = PasswordManager;
		};
/* End PBXContainerItemProxy section */

/* Begin PBXFileReference section */
		35F85A612BF10195000384C6 /* PasswordManager.app */ = {isa = PBXFileReference; explicitFileType = wrapper.application; includeInIndex = 0; path = PasswordManager.app; sourceTree = BUILT_PRODUCTS_DIR; };
		35F85A642BF10195000384C6 /* PasswordManagerApp.swift */ = {isa = PBXFileReference; lastKnownFileType = sourcecode.swift; path = PasswordManagerApp.swift; sourceTree = "<group>"; };
		35F85A662BF10195000384C6 /* ContentView.swift */ = {isa = PBXFileReference; lastKnownFileType = sourcecode.swift; path = ContentView.swift; sourceTree = "<group>"; };
		35F85A682BF10197000384C6 /* Assets.xcassets */ = {isa = PBXFileReference; lastKnownFileType = folder.assetcatalog; path = Assets.xcassets; sourceTree = "<group>"; };
		35F85A6B2BF10197000384C6 /* Preview Assets.xcassets */ = {isa = PBXFileReference; lastKnownFileType = folder.assetcatalog; path = "Preview Assets.xcassets"; sourceTree = "<group>"; };
		35F85A6D2BF10197000384C6 /* Persistence.swift */ = {isa = PBXFileReference; lastKnownFileType = sourcecode.swift; path = Persistence.swift; sourceTree = "<group>"; };
		35F85A702BF10197000384C6 /* PasswordManager.xcdatamodel */ = {isa = PBXFileReference; lastKnownFileType = wrapper.xcdatamodel; path = PasswordManager.xcdatamodel; sourceTree = "<group>"; };
		35F85A762BF10197000384C6 /* PasswordManagerTests.xctest */ = {isa = PBXFileReference; explicitFileType = wrapper.cfbundle; includeInIndex = 0; path = PasswordManagerTests.xctest; sourceTree = BUILT_PRODUCTS_DIR; };
		35F85A7A2BF10197000384C6 /* PasswordManagerTests.swift */ = {isa = PBXFileReference; lastKnownFileType = sourcecode.swift; path = PasswordManagerTests.swift; sourceTree = "<group>"; };
		35F85A802BF10197000384C6 /* PasswordManagerUITests.xctest */ = {isa = PBXFileReference; explicitFileType = wrapper.cfbundle; includeInIndex = 0; path = PasswordManagerUITests.xctest; sourceTree = BUILT_PRODUCTS_DIR; };
		35F85A842BF10197000384C6 /* PasswordManagerUITests.swift */ = {isa = PBXFileReference; lastKnownFileType = sourcecode.swift; path = PasswordManagerUITests.swift; sourceTree = "<group>"; };
		35F85A862BF10197000384C6 /* PasswordManagerUITestsLaunchTests.swift */ = {isa = PBXFileReference; lastKnownFileType = sourcecode.swift; path = PasswordManagerUITestsLaunchTests.swift; sourceTree = "<group>"; };
/* End PBXFileReference section */

/* Begin PBXFrameworksBuildPhase section */
		35F85A5E2BF10195000384C6 /* Frameworks */ = {
			isa = PBXFrameworksBuildPhase;
			buildActionMask = 2147483647;
			files = (
			);
			runOnlyForDeploymentPostprocessing = 0;
		};
		35F85A732BF10197000384C6 /* Frameworks */ = {
			isa = PBXFrameworksBuildPhase;
			buildActionMask = 2147483647;
			files = (
			);
			runOnlyForDeploymentPostprocessing = 0;
		};
		35F85A7D2BF10197000384C6 /* Frameworks */ = {
			isa = PBXFrameworksBuildPhase;
			buildActionMask = 2147483647;
			files = (
			);
			runOnlyForDeploymentPostprocessing = 0;
		};
/* End PBXFrameworksBuildPhase section */

/* Begin PBXGroup section */
		35F85A582BF10195000384C6 = {
			isa = PBXGroup;
			children = (
				35F85A632BF10195000384C6 /* PasswordManager */,
				35F85A792BF10197000384C6 /* PasswordManagerTests */,
				35F85A832BF10197000384C6 /* PasswordManagerUITests */,
				35F85A622BF10195000384C6 /* Products */,
			);
			sourceTree = "<group>";
		};
		35F85A622BF10195000384C6 /* Products */ = {
			isa = PBXGroup;
			children = (
				35F85A612BF10195000384C6 /* PasswordManager.app */,
				35F85A762BF10197000384C6 /* PasswordManagerTests.xctest */,
				35F85A802BF10197000384C6 /* PasswordManagerUITests.xctest */,
			);
			name = Products;
			sourceTree = "<group>";
		};
		35F85A632BF10195000384C6 /* PasswordManager */ = {
			isa = PBXGroup;
			children = (
				35F85A642BF10195000384C6 /* PasswordManagerApp.swift */,
				35F85A662BF10195000384C6 /* ContentView.swift */,
				35F85A682BF10197000384C6 /* Assets.xcassets */,
				35F85A6D2BF10197000384C6 /* Persistence.swift */,
				35F85A6F2BF10197000384C6 /* PasswordManager.xcdatamodeld */,
				35F85A6A2BF10197000384C6 /* Preview Content */,
			);
			path = PasswordManager;
			sourceTree = "<group>";
		};
		35F85A6A2BF10197000384C6 /* Preview Content */ = {
			isa = PBXGroup;
			children = (
				35F85A6B2BF10197000384C6 /* Preview Assets.xcassets */,
			);
			path = "Preview Content";
			sourceTree = "<group>";
		};
		35F85A792BF10197000384C6 /* PasswordManagerTests */ = {
			isa = PBXGroup;
			children = (
				35F85A7A2BF10197000384C6 /* PasswordManagerTests.swift */,
			);
			path = PasswordManagerTests;
			sourceTree = "<group>";
		};
		35F85A832BF10197000384C6 /* PasswordManagerUITests */ = {
			isa = PBXGroup;
			children = (
				35F85A842BF10197000384C6 /* PasswordManagerUITests.swift */,
				35F85A862BF10197000384C6 /* PasswordManagerUITestsLaunchTests.swift */,
			);
			path = PasswordManagerUITests;
			sourceTree = "<group>";
		};
/* End PBXGroup section */

/* Begin PBXNativeTarget section */
		35F85A602BF10195000384C6 /* PasswordManager */ = {
			isa = PBXNativeTarget;
			buildConfigurationList = 35F85A8A2BF10197000384C6 /* Build configuration list for PBXNativeTarget "PasswordManager" */;
			buildPhases = (
				35F85A5D2BF10195000384C6 /* Sources */,
				35F85A5E2BF10195000384C6 /* Frameworks */,
				35F85A5F2BF10195000384C6 /* Resources */,
			);
			buildRules = (
			);
			dependencies = (
			);
			name = PasswordManager;
			productName = PasswordManager;
			productReference = 35F85A612BF10195000384C6 /* PasswordManager.app */;
			productType = "com.apple.product-type.application";
		};
		35F85A752BF10197000384C6 /* PasswordManagerTests */ = {
			isa = PBXNativeTarget;
			buildConfigurationList = 35F85A8D2BF10197000384C6 /* Build configuration list for PBXNativeTarget "PasswordManagerTests" */;
			buildPhases = (
				35F85A722BF10197000384C6 /* Sources */,
				35F85A732BF10197000384C6 /* Frameworks */,
				35F85A742BF10197000384C6 /* Resources */,
			);
			buildRules = (
			);
			dependencies = (
				35F85A782BF10197000384C6 /* PBXTargetDependency */,
			);
			name = PasswordManagerTests;
			productName = PasswordManagerTests;
			productReference = 35F85A762BF10197000384C6 /* PasswordManagerTests.xctest */;
			productType = "com.apple.product-type.bundle.unit-test";
		};
		35F85A7F2BF10197000384C6 /* PasswordManagerUITests */ = {
			isa = PBXNativeTarget;
			buildConfigurationList = 35F85A902BF10197000384C6 /* Build configuration list for PBXNativeTarget "PasswordManagerUITests" */;
			buildPhases = (
				35F85A7C2BF10197000384C6 /* Sources */,
				35F85A7D2BF10197000384C6 /* Frameworks */,
				35F85A7E2BF10197000384C6 /* Resources */,
			);
			buildRules = (
			);
			dependencies = (
				35F85A822BF10197000384C6 /* PBXTargetDependency */,
			);
			name = PasswordManagerUITests;
			productName = PasswordManagerUITests;
			productReference = 35F85A802BF10197000384C6 /* PasswordManagerUITests.xctest */;
			productType = "com.apple.product-type.bundle.ui-testing";
		};
/* End PBXNativeTarget section */

/* Begin PBXProject section */
		35F85A592BF10195000384C6 /* Project object */ = {
			isa = PBXProject;
			attributes = {
				BuildIndependentTargetsInParallel = 1;
				LastSwiftUpdateCheck = 1530;
				LastUpgradeCheck = 1530;
				TargetAttributes = {
					35F85A602BF10195000384C6 = {
						CreatedOnToolsVersion = 15.3;
					};
					35F85A752BF10197000384C6 = {
						CreatedOnToolsVersion = 15.3;
						TestTargetID = 35F85A602BF10195000384C6;
					};
					35F85A7F2BF10197000384C6 = {
						CreatedOnToolsVersion = 15.3;
						TestTargetID = 35F85A602BF10195000384C6;
					};
				};
			};
			buildConfigurationList = 35F85A5C2BF10195000384C6 /* Build configuration list for PBXProject "PasswordManager" */;
			compatibilityVersion = "Xcode 14.0";
			developmentRegion = en;
			hasScannedForEncodings = 0;
			knownRegions = (
				en,
				Base,
			);
			mainGroup = 35F85A582BF10195000384C6;
			productRefGroup = 35F85A622BF10195000384C6 /* Products */;
			projectDirPath = "";
			projectRoot = "";
			targets = (
				35F85A602BF10195000384C6 /* PasswordManager */,
				35F85A752BF10197000384C6 /* PasswordManagerTests */,
				35F85A7F2BF10197000384C6 /* PasswordManagerUITests */,
			);
		};
/* End PBXProject section */

/* Begin PBXResourcesBuildPhase section */
		35F85A5F2BF10195000384C6 /* Resources */ = {
			isa = PBXResourcesBuildPhase;
			buildActionMask = 2147483647;
			files = (
				35F85A6C2BF10197000384C6 /* Preview Assets.xcassets in Resources */,
				35F85A692BF10197000384C6 /* Assets.xcassets in Resources */,
			);
			runOnlyForDeploymentPostprocessing = 0;
		};
		35F85A742BF10197000384C6 /* Resources */ = {
			isa = PBXResourcesBuildPhase;
			buildActionMask = 2147483647;
			files = (
			);
			runOnlyForDeploymentPostprocessing = 0;
		};
		35F85A7E2BF10197000384C6 /* Resources */ = {
			isa = PBXResourcesBuildPhase;
			buildActionMask = 2147483647;
			files = (
			);
			runOnlyForDeploymentPostprocessing = 0;
		};
/* End PBXResourcesBuildPhase section */

/* Begin PBXSourcesBuildPhase section */
		35F85A5D2BF10195000384C6 /* Sources */ = {
			isa = PBXSourcesBuildPhase;
			buildActionMask = 2147483647;
			files = (
				35F85A6E2BF10197000384C6 /* Persistence.swift in Sources */,
				35F85A672BF10195000384C6 /* ContentView.swift in Sources */,
				35F85A712BF10197000384C6 /* PasswordManager.xcdatamodeld in Sources */,
				35F85A652BF10195000384C6 /* PasswordManagerApp.swift in Sources */,
			);
			runOnlyForDeploymentPostprocessing = 0;
		};
		35F85A722BF10197000384C6 /* Sources */ = {
			isa = PBXSourcesBuildPhase;
			buildActionMask = 2147483647;
			files = (
				35F85A7B2BF10197000384C6 /* PasswordManagerTests.swift in Sources */,
			);
			runOnlyForDeploymentPostprocessing = 0;
		};
		35F85A7C2BF10197000384C6 /* Sources */ = {
			isa = PBXSourcesBuildPhase;
			buildActionMask = 2147483647;
			files = (
				35F85A852BF10197000384C6 /* PasswordManagerUITests.swift in Sources */,
				35F85A872BF10197000384C6 /* PasswordManagerUITestsLaunchTests.swift in Sources */,
			);
			runOnlyForDeploymentPostprocessing = 0;
		};
/* End PBXSourcesBuildPhase section */

/* Begin PBXTargetDependency section */
		35F85A782BF10197000384C6 /* PBXTargetDependency */ = {
			isa = PBXTargetDependency;
			target = 35F85A602BF10195000384C6 /* PasswordManager */;
			targetProxy = 35F85A772BF10197000384C6 /* PBXContainerItemProxy */;
		};
		35F85A822BF10197000384C6 /* PBXTargetDependency */ = {
			isa = PBXTargetDependency;
			target = 35F85A602BF10195000384C6 /* PasswordManager */;
			targetProxy = 35F85A812BF10197000384C6 /* PBXContainerItemProxy */;
		};
/* End PBXTargetDependency section */

/* Begin XCBuildConfiguration section */
		35F85A882BF10197000384C6 /* Debug */ = {
			isa = XCBuildConfiguration;
			buildSettings = {
				ALWAYS_SEARCH_USER_PATHS = NO;
				ASSETCATALOG_COMPILER_GENERATE_SWIFT_ASSET_SYMBOL_EXTENSIONS = YES;
				CLANG_ANALYZER_NONNULL = YES;
				CLANG_ANALYZER_NUMBER_OBJECT_CONVERSION = YES_AGGRESSIVE;
				CLANG_CXX_LANGUAGE_STANDARD = "gnu++20";
				CLANG_ENABLE_MODULES = YES;
				CLANG_ENABLE_OBJC_ARC = YES;
				CLANG_ENABLE_OBJC_WEAK = YES;
				CLANG_WARN_BLOCK_CAPTURE_AUTORELEASING = YES;
				CLANG_WARN_BOOL_CONVERSION = YES;
				CLANG_WARN_COMMA = YES;
				CLANG_WARN_CONSTANT_CONVERSION = YES;
				CLANG_WARN_DEPRECATED_OBJC_IMPLEMENTATIONS = YES;
				CLANG_WARN_DIRECT_OBJC_ISA_USAGE = YES_ERROR;
				CLANG_WARN_DOCUMENTATION_COMMENTS = YES;
				CLANG_WARN_EMPTY_BODY = YES;
				CLANG_WARN_ENUM_CONVERSION = YES;
				CLANG_WARN_INFINITE_RECURSION = YES;
				CLANG_WARN_INT_CONVERSION = YES;
				CLANG_WARN_NON_LITERAL_NULL_CONVERSION = YES;
				CLANG_WARN_OBJC_IMPLICIT_RETAIN_SELF = YES;
				CLANG_WARN_OBJC_LITERAL_CONVERSION = YES;
				CLANG_WARN_OBJC_ROOT_CLASS = YES_ERROR;
				CLANG_WARN_QUOTED_INCLUDE_IN_FRAMEWORK_HEADER = YES;
				CLANG_WARN_RANGE_LOOP_ANALYSIS = YES;
				CLANG_WARN_STRICT_PROTOTYPES = YES;
				CLANG_WARN_SUSPICIOUS_MOVE = YES;
				CLANG_WARN_UNGUARDED_AVAILABILITY = YES_AGGRESSIVE;
				CLANG_WARN_UNREACHABLE_CODE = YES;
				CLANG_WARN__DUPLICATE_METHOD_MATCH = YES;
				COPY_PHASE_STRIP = NO;
				DEBUG_INFORMATION_FORMAT = dwarf;
				ENABLE_STRICT_OBJC_MSGSEND = YES;
				ENABLE_TESTABILITY = YES;
				ENABLE_USER_SCRIPT_SANDBOXING = YES;
				GCC_C_LANGUAGE_STANDARD = gnu17;
				GCC_DYNAMIC_NO_PIC = NO;
				GCC_NO_COMMON_BLOCKS = YES;
				GCC_OPTIMIZATION_LEVEL = 0;
				GCC_PREPROCESSOR_DEFINITIONS = (
					"DEBUG=1",
					"$(inherited)",
				);
				GCC_WARN_64_TO_32_BIT_CONVERSION = YES;
				GCC_WARN_ABOUT_RETURN_TYPE = YES_ERROR;
				GCC_WARN_UNDECLARED_SELECTOR = YES;
				GCC_WARN_UNINITIALIZED_AUTOS = YES_AGGRESSIVE;
				GCC_WARN_UNUSED_FUNCTION = YES;
				GCC_WARN_UNUSED_VARIABLE = YES;
				IPHONEOS_DEPLOYMENT_TARGET = 17.4;
				LOCALIZATION_PREFERS_STRING_CATALOGS = YES;
				MTL_ENABLE_DEBUG_INFO = INCLUDE_SOURCE;
				MTL_FAST_MATH = YES;
				ONLY_ACTIVE_ARCH = YES;
				SDKROOT = iphoneos;
				SWIFT_ACTIVE_COMPILATION_CONDITIONS = "DEBUG $(inherited)";
				SWIFT_OPTIMIZATION_LEVEL = "-Onone";
			};
			name = Debug;
		};
		35F85A892BF10197000384C6 /* Release */ = {
			isa = XCBuildConfiguration;
			buildSettings = {
				ALWAYS_SEARCH_USER_PATHS = NO;
				ASSETCATALOG_COMPILER_GENERATE_SWIFT_ASSET_SYMBOL_EXTENSIONS = YES;
				CLANG_ANALYZER_NONNULL = YES;
				CLANG_ANALYZER_NUMBER_OBJECT_CONVERSION = YES_AGGRESSIVE;
				CLANG_CXX_LANGUAGE_STANDARD = "gnu++20";
				CLANG_ENABLE_MODULES = YES;
				CLANG_ENABLE_OBJC_ARC = YES;
				CLANG_ENABLE_OBJC_WEAK = YES;
				CLANG_WARN_BLOCK_CAPTURE_AUTORELEASING = YES;
				CLANG_WARN_BOOL_CONVERSION = YES;
				CLANG_WARN_COMMA = YES;
				CLANG_WARN_CONSTANT_CONVERSION = YES;
				CLANG_WARN_DEPRECATED_OBJC_IMPLEMENTATIONS = YES;
				CLANG_WARN_DIRECT_OBJC_ISA_USAGE = YES_ERROR;
				CLANG_WARN_DOCUMENTATION_COMMENTS = YES;
				CLANG_WARN_EMPTY_BODY = YES;
				CLANG_WARN_ENUM_CONVERSION = YES;
				CLANG_WARN_INFINITE_RECURSION = YES;
				CLANG_WARN_INT_CONVERSION = YES;
				CLANG_WARN_NON_LITERAL_NULL_CONVERSION = YES;
				CLANG_WARN_OBJC_IMPLICIT_RETAIN_SELF = YES;
				CLANG_WARN_OBJC_LITERAL_CONVERSION = YES;
				CLANG_WARN_OBJC_ROOT_CLASS = YES_ERROR;
				CLANG_WARN_QUOTED_INCLUDE_IN_FRAMEWORK_HEADER = YES;
				CLANG_WARN_RANGE_LOOP_ANALYSIS = YES;
				CLANG_WARN_STRICT_PROTOTYPES = YES;
				CLANG_WARN_SUSPICIOUS_MOVE = YES;
				CLANG_WARN_UNGUARDED_AVAILABILITY = YES_AGGRESSIVE;
				CLANG_WARN_UNREACHABLE_CODE = YES;
				CLANG_WARN__DUPLICATE_METHOD_MATCH = YES;
				COPY_PHASE_STRIP = NO;
				DEBUG_INFORMATION_FORMAT = "dwarf-with-dsym";
				ENABLE_NS_ASSERTIONS = NO;
				ENABLE_STRICT_OBJC_MSGSEND = YES;
				ENABLE_USER_SCRIPT_SANDBOXING = YES;
				GCC_C_LANGUAGE_STANDARD = gnu17;
				GCC_NO_COMMON_BLOCKS = YES;
				GCC_WARN_64_TO_32_BIT_CONVERSION = YES;
				GCC_WARN_ABOUT_RETURN_TYPE = YES_ERROR;
				GCC_WARN_UNDECLARED_SELECTOR = YES;
				GCC_WARN_UNINITIALIZED_AUTOS = YES_AGGRESSIVE;
				GCC_WARN_UNUSED_FUNCTION = YES;
				GCC_WARN_UNUSED_VARIABLE = YES;
				IPHONEOS_DEPLOYMENT_TARGET = 17.4;
				LOCALIZATION_PREFERS_STRING_CATALOGS = YES;
				MTL_ENABLE_DEBUG_INFO = NO;
				MTL_FAST_MATH = YES;
				SDKROOT = iphoneos;
				SWIFT_COMPILATION_MODE = wholemodule;
				VALIDATE_PRODUCT = YES;
			};
			name = Release;
		};
		35F85A8B2BF10197000384C6 /* Debug */ = {
			isa = XCBuildConfiguration;
			buildSettings = {
				ASSETCATALOG_COMPILER_APPICON_NAME = AppIcon;
				ASSETCATALOG_COMPILER_GLOBAL_ACCENT_COLOR_NAME = AccentColor;
				CODE_SIGN_STYLE = Automatic;
				CURRENT_PROJECT_VERSION = 1;
				DEVELOPMENT_ASSET_PATHS = "\"PasswordManager/Preview Content\"";
				DEVELOPMENT_TEAM = 53PXY7Z33P;
				ENABLE_PREVIEWS = YES;
				GENERATE_INFOPLIST_FILE = YES;
				INFOPLIST_KEY_UIApplicationSceneManifest_Generation = YES;
				INFOPLIST_KEY_UIApplicationSupportsIndirectInputEvents = YES;
				INFOPLIST_KEY_UILaunchScreen_Generation = YES;
				INFOPLIST_KEY_UISupportedInterfaceOrientations_iPad = "UIInterfaceOrientationPortrait UIInterfaceOrientationPortraitUpsideDown UIInterfaceOrientationLandscapeLeft UIInterfaceOrientationLandscapeRight";
				INFOPLIST_KEY_UISupportedInterfaceOrientations_iPhone = "UIInterfaceOrientationPortrait UIInterfaceOrientationLandscapeLeft UIInterfaceOrientationLandscapeRight";
				LD_RUNPATH_SEARCH_PATHS = (
					"$(inherited)",
					"@executable_path/Frameworks",
				);
				MARKETING_VERSION = 1.0;
				PRODUCT_BUNDLE_IDENTIFIER = com.noxtsudu.PasswordManager;
				PRODUCT_NAME = "$(TARGET_NAME)";
				SWIFT_EMIT_LOC_STRINGS = YES;
				SWIFT_VERSION = 5.0;
				TARGETED_DEVICE_FAMILY = "1,2";
			};
			name = Debug;
		};
		35F85A8C2BF10197000384C6 /* Release */ = {
			isa = XCBuildConfiguration;
			buildSettings = {
				ASSETCATALOG_COMPILER_APPICON_NAME = AppIcon;
				ASSETCATALOG_COMPILER_GLOBAL_ACCENT_COLOR_NAME = AccentColor;
				CODE_SIGN_STYLE = Automatic;
				CURRENT_PROJECT_VERSION = 1;
				DEVELOPMENT_ASSET_PATHS = "\"PasswordManager/Preview Content\"";
				DEVELOPMENT_TEAM = 53PXY7Z33P;
				ENABLE_PREVIEWS = YES;
				GENERATE_INFOPLIST_FILE = YES;
				INFOPLIST_KEY_UIApplicationSceneManifest_Generation = YES;
				INFOPLIST_KEY_UIApplicationSupportsIndirectInputEvents = YES;
				INFOPLIST_KEY_UILaunchScreen_Generation = YES;
				INFOPLIST_KEY_UISupportedInterfaceOrientations_iPad = "UIInterfaceOrientationPortrait UIInterfaceOrientationPortraitUpsideDown UIInterfaceOrientationLandscapeLeft UIInterfaceOrientationLandscapeRight";
				INFOPLIST_KEY_UISupportedInterfaceOrientations_iPhone = "UIInterfaceOrientationPortrait UIInterfaceOrientationLandscapeLeft UIInterfaceOrientationLandscapeRight";
				LD_RUNPATH_SEARCH_PATHS = (
					"$(inherited)",
					"@executable_path/Frameworks",
				);
				MARKETING_VERSION = 1.0;
				PRODUCT_BUNDLE_IDENTIFIER = com.noxtsudu.PasswordManager;
				PRODUCT_NAME = "$(TARGET_NAME)";
				SWIFT_EMIT_LOC_STRINGS = YES;
				SWIFT_VERSION = 5.0;
				TARGETED_DEVICE_FAMILY = "1,2";
			};
			name = Release;
		};
		35F85A8E2BF10197000384C6 /* Debug */ = {
			isa = XCBuildConfiguration;
			buildSettings = {
				ALWAYS_EMBED_SWIFT_STANDARD_LIBRARIES = YES;
				BUNDLE_LOADER = "$(TEST_HOST)";
				CODE_SIGN_STYLE = Automatic;
				CURRENT_PROJECT_VERSION = 1;
				DEVELOPMENT_TEAM = 53PXY7Z33P;
				GENERATE_INFOPLIST_FILE = YES;
				IPHONEOS_DEPLOYMENT_TARGET = 17.4;
				MARKETING_VERSION = 1.0;
				PRODUCT_BUNDLE_IDENTIFIER = com.noxtsudu.PasswordManagerTests;
				PRODUCT_NAME = "$(TARGET_NAME)";
				SWIFT_EMIT_LOC_STRINGS = NO;
				SWIFT_VERSION = 5.0;
				TARGETED_DEVICE_FAMILY = "1,2";
				TEST_HOST = "$(BUILT_PRODUCTS_DIR)/PasswordManager.app/$(BUNDLE_EXECUTABLE_FOLDER_PATH)/PasswordManager";
			};
			name = Debug;
		};
		35F85A8F2BF10197000384C6 /* Release */ = {
			isa = XCBuildConfiguration;
			buildSettings = {
				ALWAYS_EMBED_SWIFT_STANDARD_LIBRARIES = YES;
				BUNDLE_LOADER = "$(TEST_HOST)";
				CODE_SIGN_STYLE = Automatic;
				CURRENT_PROJECT_VERSION = 1;
				DEVELOPMENT_TEAM = 53PXY7Z33P;
				GENERATE_INFOPLIST_FILE = YES;
				IPHONEOS_DEPLOYMENT_TARGET = 17.4;
				MARKETING_VERSION = 1.0;
				PRODUCT_BUNDLE_IDENTIFIER = com.noxtsudu.PasswordManagerTests;
				PRODUCT_NAME = "$(TARGET_NAME)";
				SWIFT_EMIT_LOC_STRINGS = NO;
				SWIFT_VERSION = 5.0;
				TARGETED_DEVICE_FAMILY = "1,2";
				TEST_HOST = "$(BUILT_PRODUCTS_DIR)/PasswordManager.app/$(BUNDLE_EXECUTABLE_FOLDER_PATH)/PasswordManager";
			};
			name = Release;
		};
		35F85A912BF10197000384C6 /* Debug */ = {
			isa = XCBuildConfiguration;
			buildSettings = {
				ALWAYS_EMBED_SWIFT_STANDARD_LIBRARIES = YES;
				CODE_SIGN_STYLE = Automatic;
				CURRENT_PROJECT_VERSION = 1;
				DEVELOPMENT_TEAM = 53PXY7Z33P;
				GENERATE_INFOPLIST_FILE = YES;
				MARKETING_VERSION = 1.0;
				PRODUCT_BUNDLE_IDENTIFIER = com.noxtsudu.PasswordManagerUITests;
				PRODUCT_NAME = "$(TARGET_NAME)";
				SWIFT_EMIT_LOC_STRINGS = NO;
				SWIFT_VERSION = 5.0;
				TARGETED_DEVICE_FAMILY = "1,2";
				TEST_TARGET_NAME = PasswordManager;
			};
			name = Debug;
		};
		35F85A922BF10197000384C6 /* Release */ = {
			isa = XCBuildConfiguration;
			buildSettings = {
				ALWAYS_EMBED_SWIFT_STANDARD_LIBRARIES = YES;
				CODE_SIGN_STYLE = Automatic;
				CURRENT_PROJECT_VERSION = 1;
				DEVELOPMENT_TEAM = 53PXY7Z33P;
				GENERATE_INFOPLIST_FILE = YES;
				MARKETING_VERSION = 1.0;
				PRODUCT_BUNDLE_IDENTIFIER = com.noxtsudu.PasswordManagerUITests;
				PRODUCT_NAME = "$(TARGET_NAME)";
				SWIFT_EMIT_LOC_STRINGS = NO;
				SWIFT_VERSION = 5.0;
				TARGETED_DEVICE_FAMILY = "1,2";
				TEST_TARGET_NAME = PasswordManager;
			};
			name = Release;
		};
/* End XCBuildConfiguration section */

/* Begin XCConfigurationList section */
		35F85A5C2BF10195000384C6 /* Build configuration list for PBXProject "PasswordManager" */ = {
			isa = XCConfigurationList;
			buildConfigurations = (
				35F85A882BF10197000384C6 /* Debug */,
				35F85A892BF10197000384C6 /* Release */,
			);
			defaultConfigurationIsVisible = 0;
			defaultConfigurationName = Release;
		};
		35F85A8A2BF10197000384C6 /* Build configuration list for PBXNativeTarget "PasswordManager" */ = {
			isa = XCConfigurationList;
			buildConfigurations = (
				35F85A8B2BF10197000384C6 /* Debug */,
				35F85A8C2BF10197000384C6 /* Release */,
			);
			defaultConfigurationIsVisible = 0;
			defaultConfigurationName = Release;
		};
		35F85A8D2BF10197000384C6 /* Build configuration list for PBXNativeTarget "PasswordManagerTests" */ = {
			isa = XCConfigurationList;
			buildConfigurations = (
				35F85A8E2BF10197000384C6 /* Debug */,
				35F85A8F2BF10197000384C6 /* Release */,
			);
			defaultConfigurationIsVisible = 0;
			defaultConfigurationName = Release;
		};
		35F85A902BF10197000384C6 /* Build configuration list for PBXNativeTarget "PasswordManagerUITests" */ = {
			isa = XCConfigurationList;
			buildConfigurations = (
				35F85A912BF10197000384C6 /* Debug */,
				35F85A922BF10197000384C6 /* Release */,
			);
			defaultConfigurationIsVisible = 0;
			defaultConfigurationName = Release;
		};
/* End XCConfigurationList section */

/* Begin XCVersionGroup section */
		35F85A6F2BF10197000384C6 /* PasswordManager.xcdatamodeld */ = {
			isa = XCVersionGroup;
			children = (
				35F85A702BF10197000384C6 /* PasswordManager.xcdatamodel */,
			);
			currentVersion = 35F85A702BF10197000384C6 /* PasswordManager.xcdatamodel */;
			path = PasswordManager.xcdatamodeld;
			sourceTree = "<group>";
			versionGroupType = wrapper.xcdatamodel;
		};
/* End XCVersionGroup section */
	};
	rootObject = 35F85A592BF10195000384C6 /* Project object */;
}
